// !$*UTF8*$!
{
	archiveVersion = 1;
	classes = {
	};
	objectVersion = 55;
	objects = {

/* Begin PBXBuildFile section */
		231789262AB461D000A49DED /* HospitalDetailView.swift in Sources */ = {isa = PBXBuildFile; fileRef = 231789252AB461D000A49DED /* HospitalDetailView.swift */; };
		231789282AB468A400A49DED /* DoctorAddView.swift in Sources */ = {isa = PBXBuildFile; fileRef = 231789272AB468A400A49DED /* DoctorAddView.swift */; };
		2317892A2AB4697800A49DED /* DoctorStore.swift in Sources */ = {isa = PBXBuildFile; fileRef = 231789292AB4697800A49DED /* DoctorStore.swift */; };
		2317892C2AB4707000A49DED /* DoctorDetailView.swift in Sources */ = {isa = PBXBuildFile; fileRef = 2317892B2AB4707000A49DED /* DoctorDetailView.swift */; };
		2324A7282AC1A9FD00E4C8A4 /* SectionStore.swift in Sources */ = {isa = PBXBuildFile; fileRef = 2324A7272AC1A9FC00E4C8A4 /* SectionStore.swift */; };
		2324A72A2AC1AB4300E4C8A4 /* SectionDetailView.swift in Sources */ = {isa = PBXBuildFile; fileRef = 2324A7292AC1AB4300E4C8A4 /* SectionDetailView.swift */; };
		2324A72C2AC1AFF200E4C8A4 /* SectionAddView.swift in Sources */ = {isa = PBXBuildFile; fileRef = 2324A72B2AC1AFF200E4C8A4 /* SectionAddView.swift */; };
		239C5A392AC18359004E82CF /* InsuranceDetailView.swift in Sources */ = {isa = PBXBuildFile; fileRef = 239C5A382AC18359004E82CF /* InsuranceDetailView.swift */; };
		239C5A3B2AC183EC004E82CF /* InsuranceStore.swift in Sources */ = {isa = PBXBuildFile; fileRef = 239C5A3A2AC183EC004E82CF /* InsuranceStore.swift */; };
		239C5A3D2AC18656004E82CF /* InsuranceAddView.swift in Sources */ = {isa = PBXBuildFile; fileRef = 239C5A3C2AC18656004E82CF /* InsuranceAddView.swift */; };
		23A6DCCA2AB1C817004D9FBF /* HealthcareApp.swift in Sources */ = {isa = PBXBuildFile; fileRef = 23A6DCC92AB1C817004D9FBF /* HealthcareApp.swift */; };
		23A6DCCC2AB1C817004D9FBF /* ContentView.swift in Sources */ = {isa = PBXBuildFile; fileRef = 23A6DCCB2AB1C817004D9FBF /* ContentView.swift */; };
		23A6DCCE2AB1C819004D9FBF /* Assets.xcassets in Resources */ = {isa = PBXBuildFile; fileRef = 23A6DCCD2AB1C819004D9FBF /* Assets.xcassets */; };
		23A6DCD12AB1C819004D9FBF /* Preview Assets.xcassets in Resources */ = {isa = PBXBuildFile; fileRef = 23A6DCD02AB1C819004D9FBF /* Preview Assets.xcassets */; };
		23A6DCD82AB1C833004D9FBF /* Model.swift in Sources */ = {isa = PBXBuildFile; fileRef = 23A6DCD72AB1C833004D9FBF /* Model.swift */; };
		23A6DCDA2AB1D7F5004D9FBF /* HospitalListView.swift in Sources */ = {isa = PBXBuildFile; fileRef = 23A6DCD92AB1D7F5004D9FBF /* HospitalListView.swift */; };
		23A6DCDC2AB1D806004D9FBF /* DoctorListView.swift in Sources */ = {isa = PBXBuildFile; fileRef = 23A6DCDB2AB1D806004D9FBF /* DoctorListView.swift */; };
		23A6DCDE2AB1D81B004D9FBF /* SectionListView.swift in Sources */ = {isa = PBXBuildFile; fileRef = 23A6DCDD2AB1D81B004D9FBF /* SectionListView.swift */; };
		23A6DCE02AB1D831004D9FBF /* InsuranceListView.swift in Sources */ = {isa = PBXBuildFile; fileRef = 23A6DCDF2AB1D831004D9FBF /* InsuranceListView.swift */; };
		23A6DCE42AB2FB94004D9FBF /* HospitalAddView.swift in Sources */ = {isa = PBXBuildFile; fileRef = 23A6DCE32AB2FB94004D9FBF /* HospitalAddView.swift */; };
		23A6DCED2AB2FD20004D9FBF /* HospitalStore.swift in Sources */ = {isa = PBXBuildFile; fileRef = 23A6DCEC2AB2FD20004D9FBF /* HospitalStore.swift */; };
/* End PBXBuildFile section */

/* Begin PBXFileReference section */
		231789252AB461D000A49DED /* HospitalDetailView.swift */ = {isa = PBXFileReference; lastKnownFileType = sourcecode.swift; path = HospitalDetailView.swift; sourceTree = "<group>"; };
		231789272AB468A400A49DED /* DoctorAddView.swift */ = {isa = PBXFileReference; lastKnownFileType = sourcecode.swift; path = DoctorAddView.swift; sourceTree = "<group>"; };
		231789292AB4697800A49DED /* DoctorStore.swift */ = {isa = PBXFileReference; lastKnownFileType = sourcecode.swift; path = DoctorStore.swift; sourceTree = "<group>"; };
		2317892B2AB4707000A49DED /* DoctorDetailView.swift */ = {isa = PBXFileReference; lastKnownFileType = sourcecode.swift; path = DoctorDetailView.swift; sourceTree = "<group>"; };
		2324A7272AC1A9FC00E4C8A4 /* SectionStore.swift */ = {isa = PBXFileReference; lastKnownFileType = sourcecode.swift; path = SectionStore.swift; sourceTree = "<group>"; };
		2324A7292AC1AB4300E4C8A4 /* SectionDetailView.swift */ = {isa = PBXFileReference; lastKnownFileType = sourcecode.swift; path = SectionDetailView.swift; sourceTree = "<group>"; };
		2324A72B2AC1AFF200E4C8A4 /* SectionAddView.swift */ = {isa = PBXFileReference; lastKnownFileType = sourcecode.swift; path = SectionAddView.swift; sourceTree = "<group>"; };
		239C5A382AC18359004E82CF /* InsuranceDetailView.swift */ = {isa = PBXFileReference; lastKnownFileType = sourcecode.swift; path = InsuranceDetailView.swift; sourceTree = "<group>"; };
		239C5A3A2AC183EC004E82CF /* InsuranceStore.swift */ = {isa = PBXFileReference; lastKnownFileType = sourcecode.swift; path = InsuranceStore.swift; sourceTree = "<group>"; };
		239C5A3C2AC18656004E82CF /* InsuranceAddView.swift */ = {isa = PBXFileReference; lastKnownFileType = sourcecode.swift; path = InsuranceAddView.swift; sourceTree = "<group>"; };
		23A6DCC62AB1C817004D9FBF /* Healthcare.app */ = {isa = PBXFileReference; explicitFileType = wrapper.application; includeInIndex = 0; path = Healthcare.app; sourceTree = BUILT_PRODUCTS_DIR; };
		23A6DCC92AB1C817004D9FBF /* HealthcareApp.swift */ = {isa = PBXFileReference; lastKnownFileType = sourcecode.swift; path = HealthcareApp.swift; sourceTree = "<group>"; };
		23A6DCCB2AB1C817004D9FBF /* ContentView.swift */ = {isa = PBXFileReference; lastKnownFileType = sourcecode.swift; path = ContentView.swift; sourceTree = "<group>"; };
		23A6DCCD2AB1C819004D9FBF /* Assets.xcassets */ = {isa = PBXFileReference; lastKnownFileType = folder.assetcatalog; path = Assets.xcassets; sourceTree = "<group>"; };
		23A6DCD02AB1C819004D9FBF /* Preview Assets.xcassets */ = {isa = PBXFileReference; lastKnownFileType = folder.assetcatalog; path = "Preview Assets.xcassets"; sourceTree = "<group>"; };
		23A6DCD72AB1C833004D9FBF /* Model.swift */ = {isa = PBXFileReference; lastKnownFileType = sourcecode.swift; path = Model.swift; sourceTree = "<group>"; };
		23A6DCD92AB1D7F5004D9FBF /* HospitalListView.swift */ = {isa = PBXFileReference; lastKnownFileType = sourcecode.swift; path = HospitalListView.swift; sourceTree = "<group>"; };
		23A6DCDB2AB1D806004D9FBF /* DoctorListView.swift */ = {isa = PBXFileReference; lastKnownFileType = sourcecode.swift; path = DoctorListView.swift; sourceTree = "<group>"; };
		23A6DCDD2AB1D81B004D9FBF /* SectionListView.swift */ = {isa = PBXFileReference; lastKnownFileType = sourcecode.swift; path = SectionListView.swift; sourceTree = "<group>"; };
		23A6DCDF2AB1D831004D9FBF /* InsuranceListView.swift */ = {isa = PBXFileReference; lastKnownFileType = sourcecode.swift; path = InsuranceListView.swift; sourceTree = "<group>"; };
		23A6DCE32AB2FB94004D9FBF /* HospitalAddView.swift */ = {isa = PBXFileReference; lastKnownFileType = sourcecode.swift; path = HospitalAddView.swift; sourceTree = "<group>"; };
		23A6DCEC2AB2FD20004D9FBF /* HospitalStore.swift */ = {isa = PBXFileReference; lastKnownFileType = sourcecode.swift; path = HospitalStore.swift; sourceTree = "<group>"; };
/* End PBXFileReference section */

/* Begin PBXFrameworksBuildPhase section */
		23A6DCC32AB1C817004D9FBF /* Frameworks */ = {
			isa = PBXFrameworksBuildPhase;
			buildActionMask = 2147483647;
			files = (
			);
			runOnlyForDeploymentPostprocessing = 0;
		};
/* End PBXFrameworksBuildPhase section */

/* Begin PBXGroup section */
		23A6DCBD2AB1C817004D9FBF = {
			isa = PBXGroup;
			children = (
				23A6DCC82AB1C817004D9FBF /* Healthcare */,
				23A6DCC72AB1C817004D9FBF /* Products */,
			);
			sourceTree = "<group>";
		};
		23A6DCC72AB1C817004D9FBF /* Products */ = {
			isa = PBXGroup;
			children = (
				23A6DCC62AB1C817004D9FBF /* Healthcare.app */,
			);
			name = Products;
			sourceTree = "<group>";
		};
		23A6DCC82AB1C817004D9FBF /* Healthcare */ = {
			isa = PBXGroup;
			children = (
				23A6DCEB2AB2FD04004D9FBF /* ViewModels */,
				23A6DCEA2AB2FC68004D9FBF /* Lifecycle */,
				23A6DCE82AB2FBEF004D9FBF /* Models */,
				23A6DCE12AB2FAF0004D9FBF /* Controller */,
				23A6DCCD2AB1C819004D9FBF /* Assets.xcassets */,
				23A6DCCF2AB1C819004D9FBF /* Preview Content */,
			);
			path = Healthcare;
			sourceTree = "<group>";
		};
		23A6DCCF2AB1C819004D9FBF /* Preview Content */ = {
			isa = PBXGroup;
			children = (
				23A6DCD02AB1C819004D9FBF /* Preview Assets.xcassets */,
			);
			path = "Preview Content";
			sourceTree = "<group>";
		};
		23A6DCE12AB2FAF0004D9FBF /* Controller */ = {
			isa = PBXGroup;
			children = (
				23A6DCE92AB2FC52004D9FBF /* Main */,
				23A6DCE72AB2FBD5004D9FBF /* Insurance */,
				23A6DCE62AB2FBC7004D9FBF /* Section */,
				23A6DCE52AB2FBBC004D9FBF /* Doctor */,
				23A6DCE22AB2FB02004D9FBF /* Hospital */,
			);
			path = Controller;
			sourceTree = "<group>";
		};
		23A6DCE22AB2FB02004D9FBF /* Hospital */ = {
			isa = PBXGroup;
			children = (
				23A6DCD92AB1D7F5004D9FBF /* HospitalListView.swift */,
				23A6DCE32AB2FB94004D9FBF /* HospitalAddView.swift */,
				231789252AB461D000A49DED /* HospitalDetailView.swift */,
			);
			path = Hospital;
			sourceTree = "<group>";
		};
		23A6DCE52AB2FBBC004D9FBF /* Doctor */ = {
			isa = PBXGroup;
			children = (
				23A6DCDB2AB1D806004D9FBF /* DoctorListView.swift */,
				231789272AB468A400A49DED /* DoctorAddView.swift */,
				2317892B2AB4707000A49DED /* DoctorDetailView.swift */,
			);
			path = Doctor;
			sourceTree = "<group>";
		};
		23A6DCE62AB2FBC7004D9FBF /* Section */ = {
			isa = PBXGroup;
			children = (
				23A6DCDD2AB1D81B004D9FBF /* SectionListView.swift */,
				2324A7292AC1AB4300E4C8A4 /* SectionDetailView.swift */,
				2324A72B2AC1AFF200E4C8A4 /* SectionAddView.swift */,
			);
			path = Section;
			sourceTree = "<group>";
		};
		23A6DCE72AB2FBD5004D9FBF /* Insurance */ = {
			isa = PBXGroup;
			children = (
				23A6DCDF2AB1D831004D9FBF /* InsuranceListView.swift */,
				239C5A382AC18359004E82CF /* InsuranceDetailView.swift */,
				239C5A3C2AC18656004E82CF /* InsuranceAddView.swift */,
			);
			path = Insurance;
			sourceTree = "<group>";
		};
		23A6DCE82AB2FBEF004D9FBF /* Models */ = {
			isa = PBXGroup;
			children = (
				23A6DCD72AB1C833004D9FBF /* Model.swift */,
			);
			path = Models;
			sourceTree = "<group>";
		};
		23A6DCE92AB2FC52004D9FBF /* Main */ = {
			isa = PBXGroup;
			children = (
				23A6DCCB2AB1C817004D9FBF /* ContentView.swift */,
			);
			path = Main;
			sourceTree = "<group>";
		};
		23A6DCEA2AB2FC68004D9FBF /* Lifecycle */ = {
			isa = PBXGroup;
			children = (
				23A6DCC92AB1C817004D9FBF /* HealthcareApp.swift */,
			);
			path = Lifecycle;
			sourceTree = "<group>";
		};
		23A6DCEB2AB2FD04004D9FBF /* ViewModels */ = {
			isa = PBXGroup;
			children = (
				23A6DCEC2AB2FD20004D9FBF /* HospitalStore.swift */,
				231789292AB4697800A49DED /* DoctorStore.swift */,
				239C5A3A2AC183EC004E82CF /* InsuranceStore.swift */,
				2324A7272AC1A9FC00E4C8A4 /* SectionStore.swift */,
			);
			path = ViewModels;
			sourceTree = "<group>";
		};
/* End PBXGroup section */

/* Begin PBXNativeTarget section */
		23A6DCC52AB1C817004D9FBF /* Healthcare */ = {
			isa = PBXNativeTarget;
			buildConfigurationList = 23A6DCD42AB1C819004D9FBF /* Build configuration list for PBXNativeTarget "Healthcare" */;
			buildPhases = (
				23A6DCC22AB1C817004D9FBF /* Sources */,
				23A6DCC32AB1C817004D9FBF /* Frameworks */,
				23A6DCC42AB1C817004D9FBF /* Resources */,
			);
			buildRules = (
			);
			dependencies = (
			);
			name = Healthcare;
			productName = Healthcare;
			productReference = 23A6DCC62AB1C817004D9FBF /* Healthcare.app */;
			productType = "com.apple.product-type.application";
		};
/* End PBXNativeTarget section */

/* Begin PBXProject section */
		23A6DCBE2AB1C817004D9FBF /* Project object */ = {
			isa = PBXProject;
			attributes = {
				BuildIndependentTargetsInParallel = 1;
				LastSwiftUpdateCheck = 1330;
				LastUpgradeCheck = 1330;
				TargetAttributes = {
					23A6DCC52AB1C817004D9FBF = {
						CreatedOnToolsVersion = 13.3;
					};
				};
			};
			buildConfigurationList = 23A6DCC12AB1C817004D9FBF /* Build configuration list for PBXProject "Healthcare" */;
			compatibilityVersion = "Xcode 13.0";
			developmentRegion = en;
			hasScannedForEncodings = 0;
			knownRegions = (
				en,
				Base,
			);
			mainGroup = 23A6DCBD2AB1C817004D9FBF;
			productRefGroup = 23A6DCC72AB1C817004D9FBF /* Products */;
			projectDirPath = "";
			projectRoot = "";
			targets = (
				23A6DCC52AB1C817004D9FBF /* Healthcare */,
			);
		};
/* End PBXProject section */

/* Begin PBXResourcesBuildPhase section */
		23A6DCC42AB1C817004D9FBF /* Resources */ = {
			isa = PBXResourcesBuildPhase;
			buildActionMask = 2147483647;
			files = (
				23A6DCD12AB1C819004D9FBF /* Preview Assets.xcassets in Resources */,
				23A6DCCE2AB1C819004D9FBF /* Assets.xcassets in Resources */,
			);
			runOnlyForDeploymentPostprocessing = 0;
		};
/* End PBXResourcesBuildPhase section */

/* Begin PBXSourcesBuildPhase section */
		23A6DCC22AB1C817004D9FBF /* Sources */ = {
			isa = PBXSourcesBuildPhase;
			buildActionMask = 2147483647;
			files = (
				23A6DCE42AB2FB94004D9FBF /* HospitalAddView.swift in Sources */,
				23A6DCDA2AB1D7F5004D9FBF /* HospitalListView.swift in Sources */,
				23A6DCD82AB1C833004D9FBF /* Model.swift in Sources */,
				23A6DCCC2AB1C817004D9FBF /* ContentView.swift in Sources */,
				23A6DCCA2AB1C817004D9FBF /* HealthcareApp.swift in Sources */,
				2324A72A2AC1AB4300E4C8A4 /* SectionDetailView.swift in Sources */,
				231789262AB461D000A49DED /* HospitalDetailView.swift in Sources */,
				23A6DCED2AB2FD20004D9FBF /* HospitalStore.swift in Sources */,
				2324A72C2AC1AFF200E4C8A4 /* SectionAddView.swift in Sources */,
				23A6DCDE2AB1D81B004D9FBF /* SectionListView.swift in Sources */,
				2317892A2AB4697800A49DED /* DoctorStore.swift in Sources */,
				23A6DCDC2AB1D806004D9FBF /* DoctorListView.swift in Sources */,
				239C5A392AC18359004E82CF /* InsuranceDetailView.swift in Sources */,
				2324A7282AC1A9FD00E4C8A4 /* SectionStore.swift in Sources */,
				23A6DCE02AB1D831004D9FBF /* InsuranceListView.swift in Sources */,
				239C5A3B2AC183EC004E82CF /* InsuranceStore.swift in Sources */,
				239C5A3D2AC18656004E82CF /* InsuranceAddView.swift in Sources */,
				231789282AB468A400A49DED /* DoctorAddView.swift in Sources */,
				2317892C2AB4707000A49DED /* DoctorDetailView.swift in Sources */,
			);
			runOnlyForDeploymentPostprocessing = 0;
		};
/* End PBXSourcesBuildPhase section */

/* Begin XCBuildConfiguration section */
		23A6DCD22AB1C819004D9FBF /* Debug */ = {
			isa = XCBuildConfiguration;
			buildSettings = {
				ALWAYS_SEARCH_USER_PATHS = NO;
				CLANG_ANALYZER_NONNULL = YES;
				CLANG_ANALYZER_NUMBER_OBJECT_CONVERSION = YES_AGGRESSIVE;
				CLANG_CXX_LANGUAGE_STANDARD = "gnu++17";
				CLANG_ENABLE_MODULES = YES;
				CLANG_ENABLE_OBJC_ARC = YES;
				CLANG_ENABLE_OBJC_WEAK = YES;
				CLANG_WARN_BLOCK_CAPTURE_AUTORELEASING = YES;
				CLANG_WARN_BOOL_CONVERSION = YES;
				CLANG_WARN_COMMA = YES;
				CLANG_WARN_CONSTANT_CONVERSION = YES;
				CLANG_WARN_DEPRECATED_OBJC_IMPLEMENTATIONS = YES;
				CLANG_WARN_DIRECT_OBJC_ISA_USAGE = YES_ERROR;
				CLANG_WARN_DOCUMENTATION_COMMENTS = YES;
				CLANG_WARN_EMPTY_BODY = YES;
				CLANG_WARN_ENUM_CONVERSION = YES;
				CLANG_WARN_INFINITE_RECURSION = YES;
				CLANG_WARN_INT_CONVERSION = YES;
				CLANG_WARN_NON_LITERAL_NULL_CONVERSION = YES;
				CLANG_WARN_OBJC_IMPLICIT_RETAIN_SELF = YES;
				CLANG_WARN_OBJC_LITERAL_CONVERSION = YES;
				CLANG_WARN_OBJC_ROOT_CLASS = YES_ERROR;
				CLANG_WARN_QUOTED_INCLUDE_IN_FRAMEWORK_HEADER = YES;
				CLANG_WARN_RANGE_LOOP_ANALYSIS = YES;
				CLANG_WARN_STRICT_PROTOTYPES = YES;
				CLANG_WARN_SUSPICIOUS_MOVE = YES;
				CLANG_WARN_UNGUARDED_AVAILABILITY = YES_AGGRESSIVE;
				CLANG_WARN_UNREACHABLE_CODE = YES;
				CLANG_WARN__DUPLICATE_METHOD_MATCH = YES;
				COPY_PHASE_STRIP = NO;
				DEBUG_INFORMATION_FORMAT = dwarf;
				ENABLE_STRICT_OBJC_MSGSEND = YES;
				ENABLE_TESTABILITY = YES;
				GCC_C_LANGUAGE_STANDARD = gnu11;
				GCC_DYNAMIC_NO_PIC = NO;
				GCC_NO_COMMON_BLOCKS = YES;
				GCC_OPTIMIZATION_LEVEL = 0;
				GCC_PREPROCESSOR_DEFINITIONS = (
					"DEBUG=1",
					"$(inherited)",
				);
				GCC_WARN_64_TO_32_BIT_CONVERSION = YES;
				GCC_WARN_ABOUT_RETURN_TYPE = YES_ERROR;
				GCC_WARN_UNDECLARED_SELECTOR = YES;
				GCC_WARN_UNINITIALIZED_AUTOS = YES_AGGRESSIVE;
				GCC_WARN_UNUSED_FUNCTION = YES;
				GCC_WARN_UNUSED_VARIABLE = YES;
				IPHONEOS_DEPLOYMENT_TARGET = 15.4;
				MTL_ENABLE_DEBUG_INFO = INCLUDE_SOURCE;
				MTL_FAST_MATH = YES;
				ONLY_ACTIVE_ARCH = YES;
				SDKROOT = iphoneos;
				SWIFT_ACTIVE_COMPILATION_CONDITIONS = DEBUG;
				SWIFT_OPTIMIZATION_LEVEL = "-Onone";
			};
			name = Debug;
		};
		23A6DCD32AB1C819004D9FBF /* Release */ = {
			isa = XCBuildConfiguration;
			buildSettings = {
				ALWAYS_SEARCH_USER_PATHS = NO;
				CLANG_ANALYZER_NONNULL = YES;
				CLANG_ANALYZER_NUMBER_OBJECT_CONVERSION = YES_AGGRESSIVE;
				CLANG_CXX_LANGUAGE_STANDARD = "gnu++17";
				CLANG_ENABLE_MODULES = YES;
				CLANG_ENABLE_OBJC_ARC = YES;
				CLANG_ENABLE_OBJC_WEAK = YES;
				CLANG_WARN_BLOCK_CAPTURE_AUTORELEASING = YES;
				CLANG_WARN_BOOL_CONVERSION = YES;
				CLANG_WARN_COMMA = YES;
				CLANG_WARN_CONSTANT_CONVERSION = YES;
				CLANG_WARN_DEPRECATED_OBJC_IMPLEMENTATIONS = YES;
				CLANG_WARN_DIRECT_OBJC_ISA_USAGE = YES_ERROR;
				CLANG_WARN_DOCUMENTATION_COMMENTS = YES;
				CLANG_WARN_EMPTY_BODY = YES;
				CLANG_WARN_ENUM_CONVERSION = YES;
				CLANG_WARN_INFINITE_RECURSION = YES;
				CLANG_WARN_INT_CONVERSION = YES;
				CLANG_WARN_NON_LITERAL_NULL_CONVERSION = YES;
				CLANG_WARN_OBJC_IMPLICIT_RETAIN_SELF = YES;
				CLANG_WARN_OBJC_LITERAL_CONVERSION = YES;
				CLANG_WARN_OBJC_ROOT_CLASS = YES_ERROR;
				CLANG_WARN_QUOTED_INCLUDE_IN_FRAMEWORK_HEADER = YES;
				CLANG_WARN_RANGE_LOOP_ANALYSIS = YES;
				CLANG_WARN_STRICT_PROTOTYPES = YES;
				CLANG_WARN_SUSPICIOUS_MOVE = YES;
				CLANG_WARN_UNGUARDED_AVAILABILITY = YES_AGGRESSIVE;
				CLANG_WARN_UNREACHABLE_CODE = YES;
				CLANG_WARN__DUPLICATE_METHOD_MATCH = YES;
				COPY_PHASE_STRIP = NO;
				DEBUG_INFORMATION_FORMAT = "dwarf-with-dsym";
				ENABLE_NS_ASSERTIONS = NO;
				ENABLE_STRICT_OBJC_MSGSEND = YES;
				GCC_C_LANGUAGE_STANDARD = gnu11;
				GCC_NO_COMMON_BLOCKS = YES;
				GCC_WARN_64_TO_32_BIT_CONVERSION = YES;
				GCC_WARN_ABOUT_RETURN_TYPE = YES_ERROR;
				GCC_WARN_UNDECLARED_SELECTOR = YES;
				GCC_WARN_UNINITIALIZED_AUTOS = YES_AGGRESSIVE;
				GCC_WARN_UNUSED_FUNCTION = YES;
				GCC_WARN_UNUSED_VARIABLE = YES;
				IPHONEOS_DEPLOYMENT_TARGET = 15.4;
				MTL_ENABLE_DEBUG_INFO = NO;
				MTL_FAST_MATH = YES;
				SDKROOT = iphoneos;
				SWIFT_COMPILATION_MODE = wholemodule;
				SWIFT_OPTIMIZATION_LEVEL = "-O";
				VALIDATE_PRODUCT = YES;
			};
			name = Release;
		};
		23A6DCD52AB1C819004D9FBF /* Debug */ = {
			isa = XCBuildConfiguration;
			buildSettings = {
				ASSETCATALOG_COMPILER_APPICON_NAME = AppIcon;
				ASSETCATALOG_COMPILER_GLOBAL_ACCENT_COLOR_NAME = AccentColor;
				CODE_SIGN_STYLE = Automatic;
				CURRENT_PROJECT_VERSION = 1;
				DEVELOPMENT_ASSET_PATHS = "\"Healthcare/Preview Content\"";
				DEVELOPMENT_TEAM = AU4U3J3D69;
				ENABLE_PREVIEWS = YES;
				GENERATE_INFOPLIST_FILE = YES;
				INFOPLIST_KEY_UIApplicationSceneManifest_Generation = YES;
				INFOPLIST_KEY_UIApplicationSupportsIndirectInputEvents = YES;
				INFOPLIST_KEY_UILaunchScreen_Generation = YES;
				INFOPLIST_KEY_UISupportedInterfaceOrientations_iPad = "UIInterfaceOrientationPortrait UIInterfaceOrientationPortraitUpsideDown UIInterfaceOrientationLandscapeLeft UIInterfaceOrientationLandscapeRight";
				INFOPLIST_KEY_UISupportedInterfaceOrientations_iPhone = "UIInterfaceOrientationPortrait UIInterfaceOrientationLandscapeLeft UIInterfaceOrientationLandscapeRight";
				LD_RUNPATH_SEARCH_PATHS = (
					"$(inherited)",
					"@executable_path/Frameworks",
				);
				MARKETING_VERSION = 1.0;
				PRODUCT_BUNDLE_IDENTIFIER = com.sirineksi.Healthcare;
				PRODUCT_NAME = "$(TARGET_NAME)";
				SWIFT_EMIT_LOC_STRINGS = YES;
				SWIFT_VERSION = 5.0;
				TARGETED_DEVICE_FAMILY = "1,2";
			};
			name = Debug;
		};
		23A6DCD62AB1C819004D9FBF /* Release */ = {
			isa = XCBuildConfiguration;
			buildSettings = {
				ASSETCATALOG_COMPILER_APPICON_NAME = AppIcon;
				ASSETCATALOG_COMPILER_GLOBAL_ACCENT_COLOR_NAME = AccentColor;
				CODE_SIGN_STYLE = Automatic;
				CURRENT_PROJECT_VERSION = 1;
				DEVELOPMENT_ASSET_PATHS = "\"Healthcare/Preview Content\"";
				DEVELOPMENT_TEAM = AU4U3J3D69;
				ENABLE_PREVIEWS = YES;
				GENERATE_INFOPLIST_FILE = YES;
				INFOPLIST_KEY_UIApplicationSceneManifest_Generation = YES;
				INFOPLIST_KEY_UIApplicationSupportsIndirectInputEvents = YES;
				INFOPLIST_KEY_UILaunchScreen_Generation = YES;
				INFOPLIST_KEY_UISupportedInterfaceOrientations_iPad = "UIInterfaceOrientationPortrait UIInterfaceOrientationPortraitUpsideDown UIInterfaceOrientationLandscapeLeft UIInterfaceOrientationLandscapeRight";
				INFOPLIST_KEY_UISupportedInterfaceOrientations_iPhone = "UIInterfaceOrientationPortrait UIInterfaceOrientationLandscapeLeft UIInterfaceOrientationLandscapeRight";
				LD_RUNPATH_SEARCH_PATHS = (
					"$(inherited)",
					"@executable_path/Frameworks",
				);
				MARKETING_VERSION = 1.0;
				PRODUCT_BUNDLE_IDENTIFIER = com.sirineksi.Healthcare;
				PRODUCT_NAME = "$(TARGET_NAME)";
				SWIFT_EMIT_LOC_STRINGS = YES;
				SWIFT_VERSION = 5.0;
				TARGETED_DEVICE_FAMILY = "1,2";
			};
			name = Release;
		};
/* End XCBuildConfiguration section */

/* Begin XCConfigurationList section */
		23A6DCC12AB1C817004D9FBF /* Build configuration list for PBXProject "Healthcare" */ = {
			isa = XCConfigurationList;
			buildConfigurations = (
				23A6DCD22AB1C819004D9FBF /* Debug */,
				23A6DCD32AB1C819004D9FBF /* Release */,
			);
			defaultConfigurationIsVisible = 0;
			defaultConfigurationName = Release;
		};
		23A6DCD42AB1C819004D9FBF /* Build configuration list for PBXNativeTarget "Healthcare" */ = {
			isa = XCConfigurationList;
			buildConfigurations = (
				23A6DCD52AB1C819004D9FBF /* Debug */,
				23A6DCD62AB1C819004D9FBF /* Release */,
			);
			defaultConfigurationIsVisible = 0;
			defaultConfigurationName = Release;
		};
/* End XCConfigurationList section */
	};
	rootObject = 23A6DCBE2AB1C817004D9FBF /* Project object */;
}
